
Microsoft Visual Studio Solution File, Format Version 12.00
# Visual Studio Version 17
VisualStudioVersion = 17.9.34701.34
MinimumVisualStudioVersion = 10.0.40219.1
Project("{FAE04EC0-301F-11D3-BF4B-00C04F79EFBC}") = "BlusukYogya.API", "BlusukYogya.API\BlusukYogya.API.csproj", "{4163716D-57D1-4B79-9F16-C7FEEF4CBF2C}"
EndProject
Project("{FAE04EC0-301F-11D3-BF4B-00C04F79EFBC}") = "BlusukYogya.Data", "BlusukYogya.Data\BlusukYogya.Data.csproj", "{ED34B205-C71B-46BA-B2D2-C1CA72B422AF}"
EndProject
Project("{FAE04EC0-301F-11D3-BF4B-00C04F79EFBC}") = "BlusukYogya.BLL", "BlusukYogya.BLL\BlusukYogya.BLL.csproj", "{EB411371-B4CD-481F-9706-2A11CB51F668}"
EndProject
Project("{FAE04EC0-301F-11D3-BF4B-00C04F79EFBC}") = "BlusukYogya.Domain", "BlusukYogya.Domain\BlusukYogya.Domain.csproj", "{E95FCF4F-747A-4FA2-894C-36354A704B6F}"
EndProject
Global
	GlobalSection(SolutionConfigurationPlatforms) = preSolution
		Debug|Any CPU = Debug|Any CPU
		Release|Any CPU = Release|Any CPU
	EndGlobalSection
	GlobalSection(ProjectConfigurationPlatforms) = postSolution
		{4163716D-57D1-4B79-9F16-C7FEEF4CBF2C}.Debug|Any CPU.ActiveCfg = Debug|Any CPU
		{4163716D-57D1-4B79-9F16-C7FEEF4CBF2C}.Debug|Any CPU.Build.0 = Debug|Any CPU
		{4163716D-57D1-4B79-9F16-C7FEEF4CBF2C}.Release|Any CPU.ActiveCfg = Release|Any CPU
		{4163716D-57D1-4B79-9F16-C7FEEF4CBF2C}.Release|Any CPU.Build.0 = Release|Any CPU
		{ED34B205-C71B-46BA-B2D2-C1CA72B422AF}.Debug|Any CPU.ActiveCfg = Debug|Any CPU
		{ED34B205-C71B-46BA-B2D2-C1CA72B422AF}.Debug|Any CPU.Build.0 = Debug|Any CPU
		{ED34B205-C71B-46BA-B2D2-C1CA72B422AF}.Release|Any CPU.ActiveCfg = Release|Any CPU
		{ED34B205-C71B-46BA-B2D2-C1CA72B422AF}.Release|Any CPU.Build.0 = Release|Any CPU
		{EB411371-B4CD-481F-9706-2A11CB51F668}.Debug|Any CPU.ActiveCfg = Debug|Any CPU
		{EB411371-B4CD-481F-9706-2A11CB51F668}.Debug|Any CPU.Build.0 = Debug|Any CPU
		{EB411371-B4CD-481F-9706-2A11CB51F668}.Release|Any CPU.ActiveCfg = Release|Any CPU
		{EB411371-B4CD-481F-9706-2A11CB51F668}.Release|Any CPU.Build.0 = Release|Any CPU
		{E95FCF4F-747A-4FA2-894C-36354A704B6F}.Debug|Any CPU.ActiveCfg = Debug|Any CPU
		{E95FCF4F-747A-4FA2-894C-36354A704B6F}.Debug|Any CPU.Build.0 = Debug|Any CPU
		{E95FCF4F-747A-4FA2-894C-36354A704B6F}.Release|Any CPU.ActiveCfg = Release|Any CPU
		{E95FCF4F-747A-4FA2-894C-36354A704B6F}.Release|Any CPU.Build.0 = Release|Any CPU
	EndGlobalSection
	GlobalSection(SolutionProperties) = preSolution
		HideSolutionNode = FALSE
	EndGlobalSection
	GlobalSection(ExtensibilityGlobals) = postSolution
		SolutionGuid = {78AB5455-7C4D-4C70-A560-BC5BC419176A}
	EndGlobalSection
EndGlobal
